
Microsoft Visual Studio Solution File, Format Version 12.00
# Visual Studio Version 17
VisualStudioVersion = 17.9.34622.214
MinimumVisualStudioVersion = 10.0.40219.1
Project("{FAE04EC0-301F-11D3-BF4B-00C04F79EFBC}") = "projectBookStore", "projectBookStore\projectBookStore.csproj", "{CC5EB35A-4A1A-4DB2-9043-981E3A0311FC}"
EndProject
Global
	GlobalSection(SolutionConfigurationPlatforms) = preSolution
		Debug|Any CPU = Debug|Any CPU
		Release|Any CPU = Release|Any CPU
	EndGlobalSection
	GlobalSection(ProjectConfigurationPlatforms) = postSolution
		{CC5EB35A-4A1A-4DB2-9043-981E3A0311FC}.Debug|Any CPU.ActiveCfg = Debug|Any CPU
		{CC5EB35A-4A1A-4DB2-9043-981E3A0311FC}.Debug|Any CPU.Build.0 = Debug|Any CPU
		{CC5EB35A-4A1A-4DB2-9043-981E3A0311FC}.Release|Any CPU.ActiveCfg = Release|Any CPU
		{CC5EB35A-4A1A-4DB2-9043-981E3A0311FC}.Release|Any CPU.Build.0 = Release|Any CPU
	EndGlobalSection
	GlobalSection(SolutionProperties) = preSolution
		HideSolutionNode = FALSE
	EndGlobalSection
	GlobalSection(ExtensibilityGlobals) = postSolution
		SolutionGuid = {F1F34902-299D-4AA2-BAB1-DC5FB36F6836}
	EndGlobalSection
EndGlobal
